dependencies:
- name: postgresql
  repository: oci://registry-1.docker.io/bitnamicharts
  version: 16.7.27
- name: redis
  repository: oci://registry-1.docker.io/bitnamicharts
  version: 23.2.2
digest: sha256:479b952cbd6e5c2ff5f00fc2723e88c77d475374bfa6886aaa31201b387d59f3
generated: "2025-11-02T13:04:03.103728119-05:00"
