dependencies:
- name: postgresql
  repository: oci://registry-1.docker.io/bitnamicharts
  version: 16.7.27
- name: redis
  repository: oci://registry-1.docker.io/bitnamicharts
  version: 23.2.12
- name: minio
  repository: oci://registry-1.docker.io/bitnamicharts
  version: 17.0.21
digest: sha256:e7c1dc6de4a0006deab23b4db0e75e528a9511a10c2a7cf82d8d1dc00d7ccde8
generated: "2026-03-02T03:49:42.596410639Z"
